// !$*UTF8*$!
{
	archiveVersion = 1;
	classes = {
	};
	objectVersion = 46;
	objects = {

/* Begin PBXBuildFile section */
		35243EF21EC3037400174514 /* Coordinator.swift in Sources */ = {isa = PBXBuildFile; fileRef = 35243EF11EC3037400174514 /* Coordinator.swift */; };
		35243EF41EC3038000174514 /* AppCoordinator.swift in Sources */ = {isa = PBXBuildFile; fileRef = 35243EF31EC3038000174514 /* AppCoordinator.swift */; };
		35243EFA1EC3164500174514 /* Assets.xcassets in Resources */ = {isa = PBXBuildFile; fileRef = 35243EF91EC3164500174514 /* Assets.xcassets */; };
		35243EFC1EC31A0E00174514 /* PortaitNavigationController.swift in Sources */ = {isa = PBXBuildFile; fileRef = 35243EFB1EC31A0E00174514 /* PortaitNavigationController.swift */; };
		35243F001EC3291400174514 /* MainCoordinator.swift in Sources */ = {isa = PBXBuildFile; fileRef = 35243EFF1EC3291400174514 /* MainCoordinator.swift */; };
		35243F021EC32DD400174514 /* LaunchScreen.storyboard in Resources */ = {isa = PBXBuildFile; fileRef = 35243F011EC32DD400174514 /* LaunchScreen.storyboard */; };
		35B94C561EC1E33F00394049 /* .swiftlint.yml in Resources */ = {isa = PBXBuildFile; fileRef = 35B94C551EC1E33F00394049 /* .swiftlint.yml */; };
		35B94C581EC1E39600394049 /* Podfile in Resources */ = {isa = PBXBuildFile; fileRef = 35B94C571EC1E39600394049 /* Podfile */; };
		35B94C5C1EC1F30500394049 /* Storyboards.swift in Sources */ = {isa = PBXBuildFile; fileRef = 35B94C5B1EC1F30500394049 /* Storyboards.swift */; };
		35DE14FB1EC0B08B006B76AF /* AppDelegate.swift in Sources */ = {isa = PBXBuildFile; fileRef = 35DE14FA1EC0B08B006B76AF /* AppDelegate.swift */; };
		35DE14FD1EC0B08B006B76AF /* MainViewController.swift in Sources */ = {isa = PBXBuildFile; fileRef = 35DE14FC1EC0B08B006B76AF /* MainViewController.swift */; };
		35DE15001EC0B08B006B76AF /* Main.storyboard in Resources */ = {isa = PBXBuildFile; fileRef = 35DE14FE1EC0B08B006B76AF /* Main.storyboard */; };
		F2E02E96EEB7A12E20415672 /* Pods_ToDoList.framework in Frameworks */ = {isa = PBXBuildFile; fileRef = A326A729219504EBAA891A56 /* Pods_ToDoList.framework */; };
/* End PBXBuildFile section */

/* Begin PBXFileReference section */
		35243EF11EC3037400174514 /* Coordinator.swift */ = {isa = PBXFileReference; fileEncoding = 4; lastKnownFileType = sourcecode.swift; name = Coordinator.swift; path = ToDoList/Coordinator.swift; sourceTree = "<group>"; };
		35243EF31EC3038000174514 /* AppCoordinator.swift */ = {isa = PBXFileReference; fileEncoding = 4; lastKnownFileType = sourcecode.swift; name = AppCoordinator.swift; path = ToDoList/AppCoordinator.swift; sourceTree = "<group>"; };
		35243EF91EC3164500174514 /* Assets.xcassets */ = {isa = PBXFileReference; lastKnownFileType = folder.assetcatalog; path = Assets.xcassets; sourceTree = "<group>"; };
		35243EFB1EC31A0E00174514 /* PortaitNavigationController.swift */ = {isa = PBXFileReference; fileEncoding = 4; lastKnownFileType = sourcecode.swift; name = PortaitNavigationController.swift; path = ../PortaitNavigationController.swift; sourceTree = "<group>"; };
		35243EFF1EC3291400174514 /* MainCoordinator.swift */ = {isa = PBXFileReference; fileEncoding = 4; lastKnownFileType = sourcecode.swift; path = MainCoordinator.swift; sourceTree = "<group>"; };
		35243F011EC32DD400174514 /* LaunchScreen.storyboard */ = {isa = PBXFileReference; fileEncoding = 4; lastKnownFileType = file.storyboard; path = LaunchScreen.storyboard; sourceTree = "<group>"; };
		35B94C551EC1E33F00394049 /* .swiftlint.yml */ = {isa = PBXFileReference; fileEncoding = 4; lastKnownFileType = text; path = .swiftlint.yml; sourceTree = SOURCE_ROOT; };
		35B94C571EC1E39600394049 /* Podfile */ = {isa = PBXFileReference; fileEncoding = 4; lastKnownFileType = text; path = Podfile; sourceTree = SOURCE_ROOT; xcLanguageSpecificationIdentifier = xcode.lang.ruby; };
		35B94C5B1EC1F30500394049 /* Storyboards.swift */ = {isa = PBXFileReference; fileEncoding = 4; lastKnownFileType = sourcecode.swift; path = Storyboards.swift; sourceTree = "<group>"; };
		35DE14F71EC0B08B006B76AF /* ToDoList.app */ = {isa = PBXFileReference; explicitFileType = wrapper.application; includeInIndex = 0; path = ToDoList.app; sourceTree = BUILT_PRODUCTS_DIR; };
		35DE14FA1EC0B08B006B76AF /* AppDelegate.swift */ = {isa = PBXFileReference; lastKnownFileType = sourcecode.swift; path = AppDelegate.swift; sourceTree = "<group>"; };
		35DE14FC1EC0B08B006B76AF /* MainViewController.swift */ = {isa = PBXFileReference; lastKnownFileType = sourcecode.swift; path = MainViewController.swift; sourceTree = "<group>"; };
		35DE14FF1EC0B08B006B76AF /* Base */ = {isa = PBXFileReference; lastKnownFileType = file.storyboard; name = Base; path = Base.lproj/Main.storyboard; sourceTree = "<group>"; };
		35DE15061EC0B08B006B76AF /* Info.plist */ = {isa = PBXFileReference; lastKnownFileType = text.plist.xml; path = Info.plist; sourceTree = "<group>"; };
		630421B1FA4DD341845EA51A /* Pods-ToDoList.debug.xcconfig */ = {isa = PBXFileReference; includeInIndex = 1; lastKnownFileType = text.xcconfig; name = "Pods-ToDoList.debug.xcconfig"; path = "Pods/Target Support Files/Pods-ToDoList/Pods-ToDoList.debug.xcconfig"; sourceTree = "<group>"; };
		A326A729219504EBAA891A56 /* Pods_ToDoList.framework */ = {isa = PBXFileReference; explicitFileType = wrapper.framework; includeInIndex = 0; path = Pods_ToDoList.framework; sourceTree = BUILT_PRODUCTS_DIR; };
		A8F8CBA9F79D2C29068AE7E4 /* Pods-ToDoList.release.xcconfig */ = {isa = PBXFileReference; includeInIndex = 1; lastKnownFileType = text.xcconfig; name = "Pods-ToDoList.release.xcconfig"; path = "Pods/Target Support Files/Pods-ToDoList/Pods-ToDoList.release.xcconfig"; sourceTree = "<group>"; };
/* End PBXFileReference section */

/* Begin PBXFrameworksBuildPhase section */
		35DE14F41EC0B08B006B76AF /* Frameworks */ = {
			isa = PBXFrameworksBuildPhase;
			buildActionMask = 2147483647;
			files = (
				F2E02E96EEB7A12E20415672 /* Pods_ToDoList.framework in Frameworks */,
			);
			runOnlyForDeploymentPostprocessing = 0;
		};
/* End PBXFrameworksBuildPhase section */

/* Begin PBXGroup section */
		35243EF51EC30DF500174514 /* Main */ = {
			isa = PBXGroup;
			children = (
				35DE14FC1EC0B08B006B76AF /* MainViewController.swift */,
			);
			name = Main;
			sourceTree = "<group>";
		};
		35243EFD1EC328EC00174514 /* Coordinators */ = {
			isa = PBXGroup;
			children = (
				35243EFE1EC3290800174514 /* Main */,
				35243EF31EC3038000174514 /* AppCoordinator.swift */,
				35243EF11EC3037400174514 /* Coordinator.swift */,
			);
			name = Coordinators;
			path = ..;
			sourceTree = "<group>";
		};
		35243EFE1EC3290800174514 /* Main */ = {
			isa = PBXGroup;
			children = (
				35243EFF1EC3291400174514 /* MainCoordinator.swift */,
			);
			name = Main;
			sourceTree = "<group>";
		};
		35AE08391EC1B9BA0033B8AF /* ViewControllers */ = {
			isa = PBXGroup;
			children = (
				35243EF51EC30DF500174514 /* Main */,
			);
			name = ViewControllers;
			sourceTree = "<group>";
		};
		35AE083A1EC1B9E40033B8AF /* Storyboards */ = {
			isa = PBXGroup;
			children = (
				35DE14FE1EC0B08B006B76AF /* Main.storyboard */,
				35243F011EC32DD400174514 /* LaunchScreen.storyboard */,
			);
			name = Storyboards;
			sourceTree = "<group>";
		};
		35AE083C1EC1BD930033B8AF /* SupportFiles */ = {
			isa = PBXGroup;
			children = (
				35243EFB1EC31A0E00174514 /* PortaitNavigationController.swift */,
				35B94C571EC1E39600394049 /* Podfile */,
				35DE15061EC0B08B006B76AF /* Info.plist */,
				35B94C551EC1E33F00394049 /* .swiftlint.yml */,
			);
			name = SupportFiles;
			sourceTree = "<group>";
		};
		35B94C5A1EC1ED9500394049 /* Constants */ = {
			isa = PBXGroup;
			children = (
				35B94C5B1EC1F30500394049 /* Storyboards.swift */,
			);
			name = Constants;
			sourceTree = "<group>";
		};
		35DE14EE1EC0B08B006B76AF = {
			isa = PBXGroup;
			children = (
				35243EF91EC3164500174514 /* Assets.xcassets */,
				35DE14F91EC0B08B006B76AF /* ToDoList */,
				35DE14F81EC0B08B006B76AF /* Products */,
				377C9C03366D14338622BE40 /* Pods */,
				97A6BC12ECDEC1745413FFF9 /* Frameworks */,
			);
			sourceTree = "<group>";
		};
		35DE14F81EC0B08B006B76AF /* Products */ = {
			isa = PBXGroup;
			children = (
				35DE14F71EC0B08B006B76AF /* ToDoList.app */,
			);
			name = Products;
			sourceTree = "<group>";
		};
		35DE14F91EC0B08B006B76AF /* ToDoList */ = {
			isa = PBXGroup;
			children = (
				35DE14FA1EC0B08B006B76AF /* AppDelegate.swift */,
				35B94C5A1EC1ED9500394049 /* Constants */,
				35243EFD1EC328EC00174514 /* Coordinators */,
				35AE083A1EC1B9E40033B8AF /* Storyboards */,
				35AE08391EC1B9BA0033B8AF /* ViewControllers */,
				35AE083C1EC1BD930033B8AF /* SupportFiles */,
			);
			path = ToDoList;
			sourceTree = "<group>";
		};
		377C9C03366D14338622BE40 /* Pods */ = {
			isa = PBXGroup;
			children = (
				630421B1FA4DD341845EA51A /* Pods-ToDoList.debug.xcconfig */,
				A8F8CBA9F79D2C29068AE7E4 /* Pods-ToDoList.release.xcconfig */,
			);
			name = Pods;
			sourceTree = "<group>";
		};
		97A6BC12ECDEC1745413FFF9 /* Frameworks */ = {
			isa = PBXGroup;
			children = (
				A326A729219504EBAA891A56 /* Pods_ToDoList.framework */,
			);
			name = Frameworks;
			sourceTree = "<group>";
		};
/* End PBXGroup section */

/* Begin PBXNativeTarget section */
		35DE14F61EC0B08B006B76AF /* ToDoList */ = {
			isa = PBXNativeTarget;
			buildConfigurationList = 35DE15091EC0B08B006B76AF /* Build configuration list for PBXNativeTarget "ToDoList" */;
			buildPhases = (
				716E04FF29129841B759C633 /* [CP] Check Pods Manifest.lock */,
				35DE14F31EC0B08B006B76AF /* Sources */,
				35DE14F41EC0B08B006B76AF /* Frameworks */,
				35DE14F51EC0B08B006B76AF /* Resources */,
				35AE083B1EC1BA500033B8AF /* Swiftlint */,
				075094F4A31099D0F4EF8564 /* [CP] Embed Pods Frameworks */,
				2BE30C112665A6D03EDC7380 /* [CP] Copy Pods Resources */,
				35B94C591EC1ED2600394049 /* SwiftGen */,
			);
			buildRules = (
			);
			dependencies = (
			);
			name = ToDoList;
			productName = ToDoList;
			productReference = 35DE14F71EC0B08B006B76AF /* ToDoList.app */;
			productType = "com.apple.product-type.application";
		};
/* End PBXNativeTarget section */

/* Begin PBXProject section */
		35DE14EF1EC0B08B006B76AF /* Project object */ = {
			isa = PBXProject;
			attributes = {
				LastSwiftUpdateCheck = 0830;
				LastUpgradeCheck = 0830;
				ORGANIZATIONNAME = "Maciej Plewko";
				TargetAttributes = {
					35DE14F61EC0B08B006B76AF = {
						CreatedOnToolsVersion = 8.3.2;
						DevelopmentTeam = 3LTJNCGGL3;
						ProvisioningStyle = Automatic;
					};
				};
			};
			buildConfigurationList = 35DE14F21EC0B08B006B76AF /* Build configuration list for PBXProject "ToDoList" */;
			compatibilityVersion = "Xcode 3.2";
			developmentRegion = English;
			hasScannedForEncodings = 0;
			knownRegions = (
				en,
				Base,
			);
			mainGroup = 35DE14EE1EC0B08B006B76AF;
			productRefGroup = 35DE14F81EC0B08B006B76AF /* Products */;
			projectDirPath = "";
			projectRoot = "";
			targets = (
				35DE14F61EC0B08B006B76AF /* ToDoList */,
			);
		};
/* End PBXProject section */

/* Begin PBXResourcesBuildPhase section */
		35DE14F51EC0B08B006B76AF /* Resources */ = {
			isa = PBXResourcesBuildPhase;
			buildActionMask = 2147483647;
			files = (
				35B94C581EC1E39600394049 /* Podfile in Resources */,
				35B94C561EC1E33F00394049 /* .swiftlint.yml in Resources */,
				35243EFA1EC3164500174514 /* Assets.xcassets in Resources */,
				35243F021EC32DD400174514 /* LaunchScreen.storyboard in Resources */,
				35DE15001EC0B08B006B76AF /* Main.storyboard in Resources */,
			);
			runOnlyForDeploymentPostprocessing = 0;
		};
/* End PBXResourcesBuildPhase section */

/* Begin PBXShellScriptBuildPhase section */
		075094F4A31099D0F4EF8564 /* [CP] Embed Pods Frameworks */ = {
			isa = PBXShellScriptBuildPhase;
			buildActionMask = 2147483647;
			files = (
			);
			inputPaths = (
			);
			name = "[CP] Embed Pods Frameworks";
			outputPaths = (
			);
			runOnlyForDeploymentPostprocessing = 0;
			shellPath = /bin/sh;
			shellScript = "\"${SRCROOT}/Pods/Target Support Files/Pods-ToDoList/Pods-ToDoList-frameworks.sh\"\n";
			showEnvVarsInLog = 0;
		};
		2BE30C112665A6D03EDC7380 /* [CP] Copy Pods Resources */ = {
			isa = PBXShellScriptBuildPhase;
			buildActionMask = 2147483647;
			files = (
			);
			inputPaths = (
			);
			name = "[CP] Copy Pods Resources";
			outputPaths = (
			);
			runOnlyForDeploymentPostprocessing = 0;
			shellPath = /bin/sh;
			shellScript = "\"${SRCROOT}/Pods/Target Support Files/Pods-ToDoList/Pods-ToDoList-resources.sh\"\n";
			showEnvVarsInLog = 0;
		};
		35AE083B1EC1BA500033B8AF /* Swiftlint */ = {
			isa = PBXShellScriptBuildPhase;
			buildActionMask = 2147483647;
			files = (
			);
			inputPaths = (
			);
			name = Swiftlint;
			outputPaths = (
			);
			runOnlyForDeploymentPostprocessing = 0;
			shellPath = /bin/sh;
			shellScript = "if which swiftlint >/dev/null; then\nswiftlint\nelse\necho \"warning: SwiftLint not installed, download from https://github.com/realm/SwiftLint\"\nfi";
		};
		35B94C591EC1ED2600394049 /* SwiftGen */ = {
			isa = PBXShellScriptBuildPhase;
			buildActionMask = 2147483647;
			files = (
			);
			inputPaths = (
			);
			name = SwiftGen;
			outputPaths = (
			);
			runOnlyForDeploymentPostprocessing = 0;
			shellPath = /bin/sh;
			shellScript = "\"$PODS_ROOT/SwiftGen/bin/swiftgen\" storyboards \"$PROJECT_DIR/ToDoList\" --templatePath \"$PROJECT_DIR/ToDoList/Storyboards.template\" --output \"$PROJECT_DIR/ToDoList/Storyboards.swift\" -t swift3";
		};
		716E04FF29129841B759C633 /* [CP] Check Pods Manifest.lock */ = {
			isa = PBXShellScriptBuildPhase;
			buildActionMask = 2147483647;
			files = (
			);
			inputPaths = (
			);
			name = "[CP] Check Pods Manifest.lock";
			outputPaths = (
			);
			runOnlyForDeploymentPostprocessing = 0;
			shellPath = /bin/sh;
			shellScript = "diff \"${PODS_ROOT}/../Podfile.lock\" \"${PODS_ROOT}/Manifest.lock\" > /dev/null\nif [ $? != 0 ] ; then\n    # print error to STDERR\n    echo \"error: The sandbox is not in sync with the Podfile.lock. Run 'pod install' or update your CocoaPods installation.\" >&2\n    exit 1\nfi\n";
			showEnvVarsInLog = 0;
		};
/* End PBXShellScriptBuildPhase section */

/* Begin PBXSourcesBuildPhase section */
		35DE14F31EC0B08B006B76AF /* Sources */ = {
			isa = PBXSourcesBuildPhase;
			buildActionMask = 2147483647;
			files = (
				35243EF21EC3037400174514 /* Coordinator.swift in Sources */,
				35243F001EC3291400174514 /* MainCoordinator.swift in Sources */,
				35B94C5C1EC1F30500394049 /* Storyboards.swift in Sources */,
				35243EF41EC3038000174514 /* AppCoordinator.swift in Sources */,
				35DE14FD1EC0B08B006B76AF /* MainViewController.swift in Sources */,
				35DE14FB1EC0B08B006B76AF /* AppDelegate.swift in Sources */,
				35243EFC1EC31A0E00174514 /* PortaitNavigationController.swift in Sources */,
			);
			runOnlyForDeploymentPostprocessing = 0;
		};
/* End PBXSourcesBuildPhase section */

/* Begin PBXVariantGroup section */
		35DE14FE1EC0B08B006B76AF /* Main.storyboard */ = {
			isa = PBXVariantGroup;
			children = (
				35DE14FF1EC0B08B006B76AF /* Base */,
			);
			name = Main.storyboard;
			sourceTree = "<group>";
		};
/* End PBXVariantGroup section */

/* Begin XCBuildConfiguration section */
		35DE15071EC0B08B006B76AF /* Debug */ = {
			isa = XCBuildConfiguration;
			buildSettings = {
				ALWAYS_SEARCH_USER_PATHS = NO;
				CLANG_ANALYZER_NONNULL = YES;
				CLANG_ANALYZER_NUMBER_OBJECT_CONVERSION = YES_AGGRESSIVE;
				CLANG_CXX_LANGUAGE_STANDARD = "gnu++0x";
				CLANG_CXX_LIBRARY = "libc++";
				CLANG_ENABLE_MODULES = YES;
				CLANG_ENABLE_OBJC_ARC = YES;
				CLANG_WARN_BOOL_CONVERSION = YES;
				CLANG_WARN_CONSTANT_CONVERSION = YES;
				CLANG_WARN_DIRECT_OBJC_ISA_USAGE = YES_ERROR;
				CLANG_WARN_DOCUMENTATION_COMMENTS = YES;
				CLANG_WARN_EMPTY_BODY = YES;
				CLANG_WARN_ENUM_CONVERSION = YES;
				CLANG_WARN_INFINITE_RECURSION = YES;
				CLANG_WARN_INT_CONVERSION = YES;
				CLANG_WARN_OBJC_ROOT_CLASS = YES_ERROR;
				CLANG_WARN_SUSPICIOUS_MOVE = YES;
				CLANG_WARN_UNREACHABLE_CODE = YES;
				CLANG_WARN__DUPLICATE_METHOD_MATCH = YES;
				"CODE_SIGN_IDENTITY[sdk=iphoneos*]" = "iPhone Developer";
				COPY_PHASE_STRIP = NO;
				DEBUG_INFORMATION_FORMAT = dwarf;
				ENABLE_STRICT_OBJC_MSGSEND = YES;
				ENABLE_TESTABILITY = YES;
				GCC_C_LANGUAGE_STANDARD = gnu99;
				GCC_DYNAMIC_NO_PIC = NO;
				GCC_NO_COMMON_BLOCKS = YES;
				GCC_OPTIMIZATION_LEVEL = 0;
				GCC_PREPROCESSOR_DEFINITIONS = (
					"DEBUG=1",
					"$(inherited)",
				);
				GCC_WARN_64_TO_32_BIT_CONVERSION = YES;
				GCC_WARN_ABOUT_RETURN_TYPE = YES_ERROR;
				GCC_WARN_UNDECLARED_SELECTOR = YES;
				GCC_WARN_UNINITIALIZED_AUTOS = YES_AGGRESSIVE;
				GCC_WARN_UNUSED_FUNCTION = YES;
				GCC_WARN_UNUSED_VARIABLE = YES;
				IPHONEOS_DEPLOYMENT_TARGET = 10.0;
				MTL_ENABLE_DEBUG_INFO = YES;
				ONLY_ACTIVE_ARCH = YES;
				SDKROOT = iphoneos;
				SWIFT_ACTIVE_COMPILATION_CONDITIONS = DEBUG;
				SWIFT_OPTIMIZATION_LEVEL = "-Onone";
			};
			name = Debug;
		};
		35DE15081EC0B08B006B76AF /* Release */ = {
			isa = XCBuildConfiguration;
			buildSettings = {
				ALWAYS_SEARCH_USER_PATHS = NO;
				CLANG_ANALYZER_NONNULL = YES;
				CLANG_ANALYZER_NUMBER_OBJECT_CONVERSION = YES_AGGRESSIVE;
				CLANG_CXX_LANGUAGE_STANDARD = "gnu++0x";
				CLANG_CXX_LIBRARY = "libc++";
				CLANG_ENABLE_MODULES = YES;
				CLANG_ENABLE_OBJC_ARC = YES;
				CLANG_WARN_BOOL_CONVERSION = YES;
				CLANG_WARN_CONSTANT_CONVERSION = YES;
				CLANG_WARN_DIRECT_OBJC_ISA_USAGE = YES_ERROR;
				CLANG_WARN_DOCUMENTATION_COMMENTS = YES;
				CLANG_WARN_EMPTY_BODY = YES;
				CLANG_WARN_ENUM_CONVERSION = YES;
				CLANG_WARN_INFINITE_RECURSION = YES;
				CLANG_WARN_INT_CONVERSION = YES;
				CLANG_WARN_OBJC_ROOT_CLASS = YES_ERROR;
				CLANG_WARN_SUSPICIOUS_MOVE = YES;
				CLANG_WARN_UNREACHABLE_CODE = YES;
				CLANG_WARN__DUPLICATE_METHOD_MATCH = YES;
				"CODE_SIGN_IDENTITY[sdk=iphoneos*]" = "iPhone Developer";
				COPY_PHASE_STRIP = NO;
				DEBUG_INFORMATION_FORMAT = "dwarf-with-dsym";
				ENABLE_NS_ASSERTIONS = NO;
				ENABLE_STRICT_OBJC_MSGSEND = YES;
				GCC_C_LANGUAGE_STANDARD = gnu99;
				GCC_NO_COMMON_BLOCKS = YES;
				GCC_WARN_64_TO_32_BIT_CONVERSION = YES;
				GCC_WARN_ABOUT_RETURN_TYPE = YES_ERROR;
				GCC_WARN_UNDECLARED_SELECTOR = YES;
				GCC_WARN_UNINITIALIZED_AUTOS = YES_AGGRESSIVE;
				GCC_WARN_UNUSED_FUNCTION = YES;
				GCC_WARN_UNUSED_VARIABLE = YES;
				IPHONEOS_DEPLOYMENT_TARGET = 10.0;
				MTL_ENABLE_DEBUG_INFO = NO;
				SDKROOT = iphoneos;
				SWIFT_OPTIMIZATION_LEVEL = "-Owholemodule";
				VALIDATE_PRODUCT = YES;
			};
			name = Release;
		};
		35DE150A1EC0B08B006B76AF /* Debug */ = {
			isa = XCBuildConfiguration;
			baseConfigurationReference = 630421B1FA4DD341845EA51A /* Pods-ToDoList.debug.xcconfig */;
			buildSettings = {
				ALWAYS_EMBED_SWIFT_STANDARD_LIBRARIES = YES;
				ASSETCATALOG_COMPILER_APPICON_NAME = AppIcon;
				DEVELOPMENT_TEAM = 3LTJNCGGL3;
				INFOPLIST_FILE = ToDoList/Info.plist;
				LD_RUNPATH_SEARCH_PATHS = "$(inherited) @executable_path/Frameworks";
				PRODUCT_BUNDLE_IDENTIFIER = com.plewko.ToDoList;
				PRODUCT_NAME = "$(TARGET_NAME)";
				SWIFT_VERSION = 3.0;
			};
			name = Debug;
		};
		35DE150B1EC0B08B006B76AF /* Release */ = {
			isa = XCBuildConfiguration;
			baseConfigurationReference = A8F8CBA9F79D2C29068AE7E4 /* Pods-ToDoList.release.xcconfig */;
			buildSettings = {
				ALWAYS_EMBED_SWIFT_STANDARD_LIBRARIES = YES;
				ASSETCATALOG_COMPILER_APPICON_NAME = AppIcon;
				DEVELOPMENT_TEAM = 3LTJNCGGL3;
				INFOPLIST_FILE = ToDoList/Info.plist;
				LD_RUNPATH_SEARCH_PATHS = "$(inherited) @executable_path/Frameworks";
				PRODUCT_BUNDLE_IDENTIFIER = com.plewko.ToDoList;
				PRODUCT_NAME = "$(TARGET_NAME)";
				SWIFT_VERSION = 3.0;
			};
			name = Release;
		};
/* End XCBuildConfiguration section */

/* Begin XCConfigurationList section */
		35DE14F21EC0B08B006B76AF /* Build configuration list for PBXProject "ToDoList" */ = {
			isa = XCConfigurationList;
			buildConfigurations = (
				35DE15071EC0B08B006B76AF /* Debug */,
				35DE15081EC0B08B006B76AF /* Release */,
			);
			defaultConfigurationIsVisible = 0;
			defaultConfigurationName = Release;
		};
		35DE15091EC0B08B006B76AF /* Build configuration list for PBXNativeTarget "ToDoList" */ = {
			isa = XCConfigurationList;
			buildConfigurations = (
				35DE150A1EC0B08B006B76AF /* Debug */,
				35DE150B1EC0B08B006B76AF /* Release */,
			);
			defaultConfigurationIsVisible = 0;
			defaultConfigurationName = Release;
		};
/* End XCConfigurationList section */
	};
	rootObject = 35DE14EF1EC0B08B006B76AF /* Project object */;
}
